
Microsoft Visual Studio Solution File, Format Version 12.00
# Visual Studio Version 16
VisualStudioVersion = 16.0.30804.86
MinimumVisualStudioVersion = 10.0.40219.1
Project("{FAE04EC0-301F-11D3-BF4B-00C04F79EFBC}") = "WebApplication1", "WebApplication1.csproj", "{13BB4DB3-2873-4A43-8F6E-CE6B24052A59}"
EndProject
Global
	GlobalSection(SolutionConfigurationPlatforms) = preSolution
		Debug|Any CPU = Debug|Any CPU
		Release|Any CPU = Release|Any CPU
	EndGlobalSection
	GlobalSection(ProjectConfigurationPlatforms) = postSolution
		{13BB4DB3-2873-4A43-8F6E-CE6B24052A59}.Debug|Any CPU.ActiveCfg = Debug|Any CPU
		{13BB4DB3-2873-4A43-8F6E-CE6B24052A59}.Debug|Any CPU.Build.0 = Debug|Any CPU
		{13BB4DB3-2873-4A43-8F6E-CE6B24052A59}.Release|Any CPU.ActiveCfg = Release|Any CPU
		{13BB4DB3-2873-4A43-8F6E-CE6B24052A59}.Release|Any CPU.Build.0 = Release|Any CPU
	EndGlobalSection
	GlobalSection(SolutionProperties) = preSolution
		HideSolutionNode = FALSE
	EndGlobalSection
	GlobalSection(ExtensibilityGlobals) = postSolution
		SolutionGuid = {14943BD7-583E-4A1B-AEED-B73610F2E42A}
	EndGlobalSection
EndGlobal
